{
  "name": "ex01",
  "lockfileVersion": 3,
  "requires": true,
  "packages": {
    "": {
      "dependencies": {
        "fullpage.js": "^4.0.41"
      }
    },
    "node_modules/fullpage.js": {
      "version": "4.0.41",
      "resolved": "https://registry.npmjs.org/fullpage.js/-/fullpage.js-4.0.41.tgz",
      "integrity": "sha512-szA95hxGCXWXQQRODp3DdeyFms909vQJ29SZk9Uur8f/smfcDKDjgDHqyV2e8NvU3ZrzVAOQSBusKm2H/BDeBQ==",
      "funding": [
        {
          "type": "GitHub Sponsors",
          "url": "https://github.com/sponsors/alvarotrigo"
        }
      ]
    }
  }
}
